
Microsoft Visual Studio Solution File, Format Version 12.00
# Visual Studio Version 17
VisualStudioVersion = 17.1.32421.90
MinimumVisualStudioVersion = 10.0.40219.1
Project("{FAE04EC0-301F-11D3-BF4B-00C04F79EFBC}") = "9140_questions", "9140_questions\9140_questions.csproj", "{A33A3A9E-38B4-4F99-B4E1-E14BC73C3AB3}"
EndProject
Global
	GlobalSection(SolutionConfigurationPlatforms) = preSolution
		Debug|Any CPU = Debug|Any CPU
		Release|Any CPU = Release|Any CPU
	EndGlobalSection
	GlobalSection(ProjectConfigurationPlatforms) = postSolution
		{A33A3A9E-38B4-4F99-B4E1-E14BC73C3AB3}.Debug|Any CPU.ActiveCfg = Debug|Any CPU
		{A33A3A9E-38B4-4F99-B4E1-E14BC73C3AB3}.Debug|Any CPU.Build.0 = Debug|Any CPU
		{A33A3A9E-38B4-4F99-B4E1-E14BC73C3AB3}.Release|Any CPU.ActiveCfg = Release|Any CPU
		{A33A3A9E-38B4-4F99-B4E1-E14BC73C3AB3}.Release|Any CPU.Build.0 = Release|Any CPU
	EndGlobalSection
	GlobalSection(SolutionProperties) = preSolution
		HideSolutionNode = FALSE
	EndGlobalSection
	GlobalSection(ExtensibilityGlobals) = postSolution
		SolutionGuid = {A9E5999D-F070-44B9-9692-89F3185CD0ED}
	EndGlobalSection
EndGlobal
